{
  "originHash" : "7ad2da4bd0562e32a21eb1d6f701eda3c4d5f6262fce2e82b7c1f5c60d289742",
  "pins" : [
    {
      "identity" : "hebcal-swift",
      "kind" : "remoteSourceControl",
      "location" : "https://github.com/hebcal/hebcal-swift.git",
      "state" : {
        "revision" : "a3701a5be3d2f0c3a9ae596451ed7dbdc34b29c0",
        "version" : "1.1.1"
      }
    }
  ],
  "version" : 3
}
