{
  "originHash" : "8650e8425c037f94823aa01ed5d9a037f7e78a0b28a6aca6b54bb2d5ea65f515",
  "pins" : [
    {
      "identity" : "hebcal-swift",
      "kind" : "remoteSourceControl",
      "location" : "https://github.com/hebcal/hebcal-swift.git",
      "state" : {
        "branch" : "main",
        "revision" : "c38ccd6e8f4c631cd65aa83cf9076b96cca0c959"
      }
    }
  ],
  "version" : 3
}
