{
  "pins" : [
    {
      "identity" : "hebcal-swift",
      "kind" : "remoteSourceControl",
      "location" : "https://github.com/hebcal/hebcal-swift.git",
      "state" : {
        "branch" : "main",
        "revision" : "38b681d3be0360d8d8ef0fb5cfaf6c31352a2889"
      }
    }
  ],
  "version" : 2
}
