{
  "originHash" : "35bb08fd9385edc82e2d16a37d54e8df676f31a54ecfa27df39fc1c82d5c9127",
  "pins" : [
    {
      "identity" : "hebcal-swift",
      "kind" : "remoteSourceControl",
      "location" : "https://github.com/hebcal/hebcal-swift.git",
      "state" : {
        "branch" : "main",
        "revision" : "c38ccd6e8f4c631cd65aa83cf9076b96cca0c959"
      }
    }
  ],
  "version" : 3
}
