{
  "originHash" : "0bd19c8a2b9e7adafb332f4db52b75bcf0ed98cc430362b8939db078dfd16393",
  "pins" : [
    {
      "identity" : "hebcal-swift",
      "kind" : "remoteSourceControl",
      "location" : "https://github.com/hebcal/hebcal-swift.git",
      "state" : {
        "revision" : "a3701a5be3d2f0c3a9ae596451ed7dbdc34b29c0",
        "version" : "1.1.1"
      }
    }
  ],
  "version" : 3
}
